
Microsoft Visual Studio Solution File, Format Version 12.00
Project("{FAE04EC0-301F-11D3-BF4B-00C04F79EFBC}") = "SublyAI", "SublyAI\SublyAI.csproj", "{A8564A36-C874-4F00-88BD-7A93C57155EA}"
EndProject
Global
	GlobalSection(SolutionConfigurationPlatforms) = preSolution
		Debug|Any CPU = Debug|Any CPU
		Release|Any CPU = Release|Any CPU
	EndGlobalSection
	GlobalSection(ProjectConfigurationPlatforms) = postSolution
		{A8564A36-C874-4F00-88BD-7A93C57155EA}.Debug|Any CPU.ActiveCfg = Debug|Any CPU
		{A8564A36-C874-4F00-88BD-7A93C57155EA}.Debug|Any CPU.Build.0 = Debug|Any CPU
		{A8564A36-C874-4F00-88BD-7A93C57155EA}.Release|Any CPU.ActiveCfg = Release|Any CPU
		{A8564A36-C874-4F00-88BD-7A93C57155EA}.Release|Any CPU.Build.0 = Release|Any CPU
	EndGlobalSection
EndGlobal
